
Microsoft Visual Studio Solution File, Format Version 12.00
# Visual Studio 15
VisualStudioVersion = 15.0.27428.2015
MinimumVisualStudioVersion = 10.0.40219.1
Project("{FAE04EC0-301F-11D3-BF4B-00C04F79EFBC}") = "ArrayListAndList", "ArrayListAndList\ArrayListAndList.csproj", "{AEFC4199-3AE6-4507-8D0C-59A473024E22}"
EndProject
Global
	GlobalSection(SolutionConfigurationPlatforms) = preSolution
		Debug|Any CPU = Debug|Any CPU
		Release|Any CPU = Release|Any CPU
	EndGlobalSection
	GlobalSection(ProjectConfigurationPlatforms) = postSolution
		{AEFC4199-3AE6-4507-8D0C-59A473024E22}.Debug|Any CPU.ActiveCfg = Debug|Any CPU
		{AEFC4199-3AE6-4507-8D0C-59A473024E22}.Debug|Any CPU.Build.0 = Debug|Any CPU
		{AEFC4199-3AE6-4507-8D0C-59A473024E22}.Release|Any CPU.ActiveCfg = Release|Any CPU
		{AEFC4199-3AE6-4507-8D0C-59A473024E22}.Release|Any CPU.Build.0 = Release|Any CPU
	EndGlobalSection
	GlobalSection(SolutionProperties) = preSolution
		HideSolutionNode = FALSE
	EndGlobalSection
	GlobalSection(ExtensibilityGlobals) = postSolution
		SolutionGuid = {C5E6D6F6-EF00-4238-9670-250FE87DFAE1}
	EndGlobalSection
EndGlobal
